NeoBundleLock lightline.vim 47a9f8776f84385273db1c7b0e73e3881c0a5073
NeoBundleLock neobundle.vim 5684e1d327ab99f3b2e6ce340419d3edde049e70
NeoBundleLock unite.vim 84c359f4943029e17eb2960efc55d545708b384e
NeoBundleLock vim-railscasts-theme b09adffc4f23dab82e9005c6f12635210485da8a
NeoBundleLock vimfiler 2faf01b5b2a6a0f4b612c16b08d54d3dc9f475a8
NeoBundleLock vimproc 18b518260b3a517bf4f3fa7e75242f8b3567c0f8
